
Microsoft Visual Studio Solution File, Format Version 12.00
Project("{FAE04EC0-301F-11D3-BF4B-00C04F79EFBC}") = "Domain", "Domain\Domain.csproj", "{B8346F7B-38BB-4A8F-9809-1CD0C1CBDB9D}"
EndProject
Project("{FAE04EC0-301F-11D3-BF4B-00C04F79EFBC}") = "Application", "Application\Application.csproj", "{5C1B8075-CEEE-4021-9C17-4F99816F53A0}"
EndProject
Project("{FAE04EC0-301F-11D3-BF4B-00C04F79EFBC}") = "Persistence", "Persistence\Persistence.csproj", "{A4748632-6835-4CBF-ACA2-DAE3616C9259}"
EndProject
Project("{FAE04EC0-301F-11D3-BF4B-00C04F79EFBC}") = "WebApi", "WebApi\WebApi.csproj", "{A9D27602-5D6E-40A0-8132-7E79E00093F5}"
EndProject
Global
	GlobalSection(SolutionConfigurationPlatforms) = preSolution
		Debug|Any CPU = Debug|Any CPU
		Release|Any CPU = Release|Any CPU
	EndGlobalSection
	GlobalSection(ProjectConfigurationPlatforms) = postSolution
		{B8346F7B-38BB-4A8F-9809-1CD0C1CBDB9D}.Debug|Any CPU.ActiveCfg = Debug|Any CPU
		{B8346F7B-38BB-4A8F-9809-1CD0C1CBDB9D}.Debug|Any CPU.Build.0 = Debug|Any CPU
		{B8346F7B-38BB-4A8F-9809-1CD0C1CBDB9D}.Release|Any CPU.ActiveCfg = Release|Any CPU
		{B8346F7B-38BB-4A8F-9809-1CD0C1CBDB9D}.Release|Any CPU.Build.0 = Release|Any CPU
		{5C1B8075-CEEE-4021-9C17-4F99816F53A0}.Debug|Any CPU.ActiveCfg = Debug|Any CPU
		{5C1B8075-CEEE-4021-9C17-4F99816F53A0}.Debug|Any CPU.Build.0 = Debug|Any CPU
		{5C1B8075-CEEE-4021-9C17-4F99816F53A0}.Release|Any CPU.ActiveCfg = Release|Any CPU
		{5C1B8075-CEEE-4021-9C17-4F99816F53A0}.Release|Any CPU.Build.0 = Release|Any CPU
		{A4748632-6835-4CBF-ACA2-DAE3616C9259}.Debug|Any CPU.ActiveCfg = Debug|Any CPU
		{A4748632-6835-4CBF-ACA2-DAE3616C9259}.Debug|Any CPU.Build.0 = Debug|Any CPU
		{A4748632-6835-4CBF-ACA2-DAE3616C9259}.Release|Any CPU.ActiveCfg = Release|Any CPU
		{A4748632-6835-4CBF-ACA2-DAE3616C9259}.Release|Any CPU.Build.0 = Release|Any CPU
		{A9D27602-5D6E-40A0-8132-7E79E00093F5}.Debug|Any CPU.ActiveCfg = Debug|Any CPU
		{A9D27602-5D6E-40A0-8132-7E79E00093F5}.Debug|Any CPU.Build.0 = Debug|Any CPU
		{A9D27602-5D6E-40A0-8132-7E79E00093F5}.Release|Any CPU.ActiveCfg = Release|Any CPU
		{A9D27602-5D6E-40A0-8132-7E79E00093F5}.Release|Any CPU.Build.0 = Release|Any CPU
	EndGlobalSection
EndGlobal
